// !$*UTF8*$!
{
	archiveVersion = 1;
	classes = {
	};
	objectVersion = 45;
	objects = {

/* Begin PBXBuildFile section */
		1D3623260D0F684500981E51 /* ShoootAppDelegate.m in Sources */ = {isa = PBXBuildFile; fileRef = 1D3623250D0F684500981E51 /* ShoootAppDelegate.m */; };
		1D60589B0D05DD56006BFB54 /* main.m in Sources */ = {isa = PBXBuildFile; fileRef = 29B97316FDCFA39411CA2CEA /* main.m */; };
		1D60589F0D05DD5A006BFB54 /* Foundation.framework in Frameworks */ = {isa = PBXBuildFile; fileRef = 1D30AB110D05D00D00671497 /* Foundation.framework */; };
		1DF5F4E00D08C38300B7A737 /* UIKit.framework in Frameworks */ = {isa = PBXBuildFile; fileRef = 1DF5F4DF0D08C38300B7A737 /* UIKit.framework */; };
		288765A50DF7441C002DB57D /* CoreGraphics.framework in Frameworks */ = {isa = PBXBuildFile; fileRef = 288765A40DF7441C002DB57D /* CoreGraphics.framework */; };
		2899E5220DE3E06400AC0155 /* ShoootViewController.xib in Resources */ = {isa = PBXBuildFile; fileRef = 2899E5210DE3E06400AC0155 /* ShoootViewController.xib */; };
		28AD733F0D9D9553002E5188 /* MainWindow.xib in Resources */ = {isa = PBXBuildFile; fileRef = 28AD733E0D9D9553002E5188 /* MainWindow.xib */; };
		28D7ACF80DDB3853001CB0EB /* ShoootViewController.m in Sources */ = {isa = PBXBuildFile; fileRef = 28D7ACF70DDB3853001CB0EB /* ShoootViewController.m */; };
		A46A641D118664CE005A38ED /* bullet1.png in Resources */ = {isa = PBXBuildFile; fileRef = A46A6417118664CE005A38ED /* bullet1.png */; };
		A46A641E118664CE005A38ED /* bullet2.png in Resources */ = {isa = PBXBuildFile; fileRef = A46A6418118664CE005A38ED /* bullet2.png */; };
		A46A641F118664CE005A38ED /* earthrise.png in Resources */ = {isa = PBXBuildFile; fileRef = A46A6419118664CE005A38ED /* earthrise.png */; };
		A46A6420118664CE005A38ED /* enemy.png in Resources */ = {isa = PBXBuildFile; fileRef = A46A641A118664CE005A38ED /* enemy.png */; };
		A46A6421118664CE005A38ED /* mybullet.png in Resources */ = {isa = PBXBuildFile; fileRef = A46A641B118664CE005A38ED /* mybullet.png */; };
		A46A6422118664CE005A38ED /* spaceship.png in Resources */ = {isa = PBXBuildFile; fileRef = A46A641C118664CE005A38ED /* spaceship.png */; };
		A46A642B118667A3005A38ED /* Bullet.m in Sources */ = {isa = PBXBuildFile; fileRef = A46A642A118667A3005A38ED /* Bullet.m */; };
		A46A642E11866968005A38ED /* CollisionDetect.m in Sources */ = {isa = PBXBuildFile; fileRef = A46A642D11866968005A38ED /* CollisionDetect.m */; };
		A46A643311866BAA005A38ED /* Enemy.m in Sources */ = {isa = PBXBuildFile; fileRef = A46A643211866BAA005A38ED /* Enemy.m */; };
		A46A643611866DB3005A38ED /* LinearBullet.m in Sources */ = {isa = PBXBuildFile; fileRef = A46A643511866DB3005A38ED /* LinearBullet.m */; };
		A46A643911866EE6005A38ED /* MovableObject.m in Sources */ = {isa = PBXBuildFile; fileRef = A46A643811866EE6005A38ED /* MovableObject.m */; };
		A46A643C11866F3F005A38ED /* NwayBullet.m in Sources */ = {isa = PBXBuildFile; fileRef = A46A643B11866F3F005A38ED /* NwayBullet.m */; };
		A46A6441118670BC005A38ED /* ShoootActivity.m in Sources */ = {isa = PBXBuildFile; fileRef = A46A6440118670BC005A38ED /* ShoootActivity.m */; };
		A46A64441186712B005A38ED /* ShoootSurfaceHolderCallback.m in Sources */ = {isa = PBXBuildFile; fileRef = A46A64431186712B005A38ED /* ShoootSurfaceHolderCallback.m */; };
		A46A64471186717E005A38ED /* ShoootSurfaceView.m in Sources */ = {isa = PBXBuildFile; fileRef = A46A64461186717E005A38ED /* ShoootSurfaceView.m */; };
		A46A644A118671D4005A38ED /* SnipeBullet.m in Sources */ = {isa = PBXBuildFile; fileRef = A46A6449118671D4005A38ED /* SnipeBullet.m */; };
		A46A644F118673AA005A38ED /* Spaceship.m in Sources */ = {isa = PBXBuildFile; fileRef = A46A644E118673AA005A38ED /* Spaceship.m */; };
/* End PBXBuildFile section */

/* Begin PBXFileReference section */
		1D30AB110D05D00D00671497 /* Foundation.framework */ = {isa = PBXFileReference; lastKnownFileType = wrapper.framework; name = Foundation.framework; path = System/Library/Frameworks/Foundation.framework; sourceTree = SDKROOT; };
		1D3623240D0F684500981E51 /* ShoootAppDelegate.h */ = {isa = PBXFileReference; fileEncoding = 4; lastKnownFileType = sourcecode.c.h; path = ShoootAppDelegate.h; sourceTree = "<group>"; };
		1D3623250D0F684500981E51 /* ShoootAppDelegate.m */ = {isa = PBXFileReference; fileEncoding = 4; lastKnownFileType = sourcecode.c.objc; path = ShoootAppDelegate.m; sourceTree = "<group>"; };
		1D6058910D05DD3D006BFB54 /* Shooot.app */ = {isa = PBXFileReference; explicitFileType = wrapper.application; includeInIndex = 0; path = Shooot.app; sourceTree = BUILT_PRODUCTS_DIR; };
		1DF5F4DF0D08C38300B7A737 /* UIKit.framework */ = {isa = PBXFileReference; lastKnownFileType = wrapper.framework; name = UIKit.framework; path = System/Library/Frameworks/UIKit.framework; sourceTree = SDKROOT; };
		288765A40DF7441C002DB57D /* CoreGraphics.framework */ = {isa = PBXFileReference; lastKnownFileType = wrapper.framework; name = CoreGraphics.framework; path = System/Library/Frameworks/CoreGraphics.framework; sourceTree = SDKROOT; };
		2899E5210DE3E06400AC0155 /* ShoootViewController.xib */ = {isa = PBXFileReference; lastKnownFileType = file.xib; path = ShoootViewController.xib; sourceTree = "<group>"; };
		28AD733E0D9D9553002E5188 /* MainWindow.xib */ = {isa = PBXFileReference; lastKnownFileType = file.xib; path = MainWindow.xib; sourceTree = "<group>"; };
		28D7ACF60DDB3853001CB0EB /* ShoootViewController.h */ = {isa = PBXFileReference; fileEncoding = 4; lastKnownFileType = sourcecode.c.h; path = ShoootViewController.h; sourceTree = "<group>"; };
		28D7ACF70DDB3853001CB0EB /* ShoootViewController.m */ = {isa = PBXFileReference; fileEncoding = 4; lastKnownFileType = sourcecode.c.objc; path = ShoootViewController.m; sourceTree = "<group>"; };
		29B97316FDCFA39411CA2CEA /* main.m */ = {isa = PBXFileReference; fileEncoding = 4; lastKnownFileType = sourcecode.c.objc; path = main.m; sourceTree = "<group>"; };
		32CA4F630368D1EE00C91783 /* Shooot_Prefix.pch */ = {isa = PBXFileReference; fileEncoding = 4; lastKnownFileType = sourcecode.c.h; path = Shooot_Prefix.pch; sourceTree = "<group>"; };
		8D1107310486CEB800E47090 /* Shooot-Info.plist */ = {isa = PBXFileReference; fileEncoding = 4; lastKnownFileType = text.plist.xml; path = "Shooot-Info.plist"; plistStructureDefinitionIdentifier = "com.apple.xcode.plist.structure-definition.iphone.info-plist"; sourceTree = "<group>"; };
		A46A6417118664CE005A38ED /* bullet1.png */ = {isa = PBXFileReference; lastKnownFileType = image.png; path = bullet1.png; sourceTree = "<group>"; };
		A46A6418118664CE005A38ED /* bullet2.png */ = {isa = PBXFileReference; lastKnownFileType = image.png; path = bullet2.png; sourceTree = "<group>"; };
		A46A6419118664CE005A38ED /* earthrise.png */ = {isa = PBXFileReference; lastKnownFileType = image.png; path = earthrise.png; sourceTree = "<group>"; };
		A46A641A118664CE005A38ED /* enemy.png */ = {isa = PBXFileReference; lastKnownFileType = image.png; path = enemy.png; sourceTree = "<group>"; };
		A46A641B118664CE005A38ED /* mybullet.png */ = {isa = PBXFileReference; lastKnownFileType = image.png; path = mybullet.png; sourceTree = "<group>"; };
		A46A641C118664CE005A38ED /* spaceship.png */ = {isa = PBXFileReference; lastKnownFileType = image.png; path = spaceship.png; sourceTree = "<group>"; };
		A46A6429118667A3005A38ED /* Bullet.h */ = {isa = PBXFileReference; fileEncoding = 4; lastKnownFileType = sourcecode.c.h; path = Bullet.h; sourceTree = "<group>"; };
		A46A642A118667A3005A38ED /* Bullet.m */ = {isa = PBXFileReference; fileEncoding = 4; lastKnownFileType = sourcecode.c.objc; path = Bullet.m; sourceTree = "<group>"; };
		A46A642C11866968005A38ED /* CollisionDetect.h */ = {isa = PBXFileReference; fileEncoding = 4; lastKnownFileType = sourcecode.c.h; path = CollisionDetect.h; sourceTree = "<group>"; };
		A46A642D11866968005A38ED /* CollisionDetect.m */ = {isa = PBXFileReference; fileEncoding = 4; lastKnownFileType = sourcecode.c.objc; path = CollisionDetect.m; sourceTree = "<group>"; };
		A46A643111866BAA005A38ED /* Enemy.h */ = {isa = PBXFileReference; fileEncoding = 4; lastKnownFileType = sourcecode.c.h; path = Enemy.h; sourceTree = "<group>"; };
		A46A643211866BAA005A38ED /* Enemy.m */ = {isa = PBXFileReference; fileEncoding = 4; lastKnownFileType = sourcecode.c.objc; path = Enemy.m; sourceTree = "<group>"; };
		A46A643411866DB3005A38ED /* LinearBullet.h */ = {isa = PBXFileReference; fileEncoding = 4; lastKnownFileType = sourcecode.c.h; path = LinearBullet.h; sourceTree = "<group>"; };
		A46A643511866DB3005A38ED /* LinearBullet.m */ = {isa = PBXFileReference; fileEncoding = 4; lastKnownFileType = sourcecode.c.objc; path = LinearBullet.m; sourceTree = "<group>"; };
		A46A643711866EE6005A38ED /* MovableObject.h */ = {isa = PBXFileReference; fileEncoding = 4; lastKnownFileType = sourcecode.c.h; path = MovableObject.h; sourceTree = "<group>"; };
		A46A643811866EE6005A38ED /* MovableObject.m */ = {isa = PBXFileReference; fileEncoding = 4; lastKnownFileType = sourcecode.c.objc; path = MovableObject.m; sourceTree = "<group>"; };
		A46A643A11866F3F005A38ED /* NwayBullet.h */ = {isa = PBXFileReference; fileEncoding = 4; lastKnownFileType = sourcecode.c.h; path = NwayBullet.h; sourceTree = "<group>"; };
		A46A643B11866F3F005A38ED /* NwayBullet.m */ = {isa = PBXFileReference; fileEncoding = 4; lastKnownFileType = sourcecode.c.objc; path = NwayBullet.m; sourceTree = "<group>"; };
		A46A643F118670BC005A38ED /* ShoootActivity.h */ = {isa = PBXFileReference; fileEncoding = 4; lastKnownFileType = sourcecode.c.h; path = ShoootActivity.h; sourceTree = "<group>"; };
		A46A6440118670BC005A38ED /* ShoootActivity.m */ = {isa = PBXFileReference; fileEncoding = 4; lastKnownFileType = sourcecode.c.objc; path = ShoootActivity.m; sourceTree = "<group>"; };
		A46A64421186712B005A38ED /* ShoootSurfaceHolderCallback.h */ = {isa = PBXFileReference; fileEncoding = 4; lastKnownFileType = sourcecode.c.h; path = ShoootSurfaceHolderCallback.h; sourceTree = "<group>"; };
		A46A64431186712B005A38ED /* ShoootSurfaceHolderCallback.m */ = {isa = PBXFileReference; fileEncoding = 4; lastKnownFileType = sourcecode.c.objc; path = ShoootSurfaceHolderCallback.m; sourceTree = "<group>"; };
		A46A64451186717E005A38ED /* ShoootSurfaceView.h */ = {isa = PBXFileReference; fileEncoding = 4; lastKnownFileType = sourcecode.c.h; path = ShoootSurfaceView.h; sourceTree = "<group>"; };
		A46A64461186717E005A38ED /* ShoootSurfaceView.m */ = {isa = PBXFileReference; fileEncoding = 4; lastKnownFileType = sourcecode.c.objc; path = ShoootSurfaceView.m; sourceTree = "<group>"; };
		A46A6448118671D4005A38ED /* SnipeBullet.h */ = {isa = PBXFileReference; fileEncoding = 4; lastKnownFileType = sourcecode.c.h; path = SnipeBullet.h; sourceTree = "<group>"; };
		A46A6449118671D4005A38ED /* SnipeBullet.m */ = {isa = PBXFileReference; fileEncoding = 4; lastKnownFileType = sourcecode.c.objc; path = SnipeBullet.m; sourceTree = "<group>"; };
		A46A644D118673AA005A38ED /* Spaceship.h */ = {isa = PBXFileReference; fileEncoding = 4; lastKnownFileType = sourcecode.c.h; path = Spaceship.h; sourceTree = "<group>"; };
		A46A644E118673AA005A38ED /* Spaceship.m */ = {isa = PBXFileReference; fileEncoding = 4; lastKnownFileType = sourcecode.c.objc; path = Spaceship.m; sourceTree = "<group>"; };
/* End PBXFileReference section */

/* Begin PBXFrameworksBuildPhase section */
		1D60588F0D05DD3D006BFB54 /* Frameworks */ = {
			isa = PBXFrameworksBuildPhase;
			buildActionMask = 2147483647;
			files = (
				1D60589F0D05DD5A006BFB54 /* Foundation.framework in Frameworks */,
				1DF5F4E00D08C38300B7A737 /* UIKit.framework in Frameworks */,
				288765A50DF7441C002DB57D /* CoreGraphics.framework in Frameworks */,
			);
			runOnlyForDeploymentPostprocessing = 0;
		};
/* End PBXFrameworksBuildPhase section */

/* Begin PBXGroup section */
		080E96DDFE201D6D7F000001 /* Classes */ = {
			isa = PBXGroup;
			children = (
				A46A642811866792005A38ED /* Shooot */,
				1D3623240D0F684500981E51 /* ShoootAppDelegate.h */,
				1D3623250D0F684500981E51 /* ShoootAppDelegate.m */,
				28D7ACF60DDB3853001CB0EB /* ShoootViewController.h */,
				28D7ACF70DDB3853001CB0EB /* ShoootViewController.m */,
			);
			path = Classes;
			sourceTree = "<group>";
		};
		19C28FACFE9D520D11CA2CBB /* Products */ = {
			isa = PBXGroup;
			children = (
				1D6058910D05DD3D006BFB54 /* Shooot.app */,
			);
			name = Products;
			sourceTree = "<group>";
		};
		29B97314FDCFA39411CA2CEA /* CustomTemplate */ = {
			isa = PBXGroup;
			children = (
				080E96DDFE201D6D7F000001 /* Classes */,
				29B97315FDCFA39411CA2CEA /* Other Sources */,
				29B97317FDCFA39411CA2CEA /* Resources */,
				29B97323FDCFA39411CA2CEA /* Frameworks */,
				19C28FACFE9D520D11CA2CBB /* Products */,
			);
			name = CustomTemplate;
			sourceTree = "<group>";
		};
		29B97315FDCFA39411CA2CEA /* Other Sources */ = {
			isa = PBXGroup;
			children = (
				32CA4F630368D1EE00C91783 /* Shooot_Prefix.pch */,
				29B97316FDCFA39411CA2CEA /* main.m */,
			);
			name = "Other Sources";
			sourceTree = "<group>";
		};
		29B97317FDCFA39411CA2CEA /* Resources */ = {
			isa = PBXGroup;
			children = (
				A46A6417118664CE005A38ED /* bullet1.png */,
				A46A6418118664CE005A38ED /* bullet2.png */,
				A46A6419118664CE005A38ED /* earthrise.png */,
				A46A641A118664CE005A38ED /* enemy.png */,
				A46A641B118664CE005A38ED /* mybullet.png */,
				A46A641C118664CE005A38ED /* spaceship.png */,
				2899E5210DE3E06400AC0155 /* ShoootViewController.xib */,
				28AD733E0D9D9553002E5188 /* MainWindow.xib */,
				8D1107310486CEB800E47090 /* Shooot-Info.plist */,
			);
			name = Resources;
			sourceTree = "<group>";
		};
		29B97323FDCFA39411CA2CEA /* Frameworks */ = {
			isa = PBXGroup;
			children = (
				1DF5F4DF0D08C38300B7A737 /* UIKit.framework */,
				1D30AB110D05D00D00671497 /* Foundation.framework */,
				288765A40DF7441C002DB57D /* CoreGraphics.framework */,
			);
			name = Frameworks;
			sourceTree = "<group>";
		};
		A46A642811866792005A38ED /* Shooot */ = {
			isa = PBXGroup;
			children = (
				A46A645E11867557005A38ED /* Models */,
				A46A642C11866968005A38ED /* CollisionDetect.h */,
				A46A642D11866968005A38ED /* CollisionDetect.m */,
				A46A643F118670BC005A38ED /* ShoootActivity.h */,
				A46A6440118670BC005A38ED /* ShoootActivity.m */,
				A46A64421186712B005A38ED /* ShoootSurfaceHolderCallback.h */,
				A46A64431186712B005A38ED /* ShoootSurfaceHolderCallback.m */,
				A46A64451186717E005A38ED /* ShoootSurfaceView.h */,
				A46A64461186717E005A38ED /* ShoootSurfaceView.m */,
			);
			name = Shooot;
			sourceTree = "<group>";
		};
		A46A645E11867557005A38ED /* Models */ = {
			isa = PBXGroup;
			children = (
				A46A6429118667A3005A38ED /* Bullet.h */,
				A46A642A118667A3005A38ED /* Bullet.m */,
				A46A643111866BAA005A38ED /* Enemy.h */,
				A46A643211866BAA005A38ED /* Enemy.m */,
				A46A643411866DB3005A38ED /* LinearBullet.h */,
				A46A643511866DB3005A38ED /* LinearBullet.m */,
				A46A643711866EE6005A38ED /* MovableObject.h */,
				A46A643811866EE6005A38ED /* MovableObject.m */,
				A46A643A11866F3F005A38ED /* NwayBullet.h */,
				A46A643B11866F3F005A38ED /* NwayBullet.m */,
				A46A6448118671D4005A38ED /* SnipeBullet.h */,
				A46A6449118671D4005A38ED /* SnipeBullet.m */,
				A46A644D118673AA005A38ED /* Spaceship.h */,
				A46A644E118673AA005A38ED /* Spaceship.m */,
			);
			name = Models;
			sourceTree = "<group>";
		};
/* End PBXGroup section */

/* Begin PBXNativeTarget section */
		1D6058900D05DD3D006BFB54 /* Shooot */ = {
			isa = PBXNativeTarget;
			buildConfigurationList = 1D6058960D05DD3E006BFB54 /* Build configuration list for PBXNativeTarget "Shooot" */;
			buildPhases = (
				1D60588D0D05DD3D006BFB54 /* Resources */,
				1D60588E0D05DD3D006BFB54 /* Sources */,
				1D60588F0D05DD3D006BFB54 /* Frameworks */,
			);
			buildRules = (
			);
			dependencies = (
			);
			name = Shooot;
			productName = Shooot;
			productReference = 1D6058910D05DD3D006BFB54 /* Shooot.app */;
			productType = "com.apple.product-type.application";
		};
/* End PBXNativeTarget section */

/* Begin PBXProject section */
		29B97313FDCFA39411CA2CEA /* Project object */ = {
			isa = PBXProject;
			buildConfigurationList = C01FCF4E08A954540054247B /* Build configuration list for PBXProject "Shooot" */;
			compatibilityVersion = "Xcode 3.1";
			hasScannedForEncodings = 1;
			mainGroup = 29B97314FDCFA39411CA2CEA /* CustomTemplate */;
			projectDirPath = "";
			projectRoot = "";
			targets = (
				1D6058900D05DD3D006BFB54 /* Shooot */,
			);
		};
/* End PBXProject section */

/* Begin PBXResourcesBuildPhase section */
		1D60588D0D05DD3D006BFB54 /* Resources */ = {
			isa = PBXResourcesBuildPhase;
			buildActionMask = 2147483647;
			files = (
				28AD733F0D9D9553002E5188 /* MainWindow.xib in Resources */,
				2899E5220DE3E06400AC0155 /* ShoootViewController.xib in Resources */,
				A46A641D118664CE005A38ED /* bullet1.png in Resources */,
				A46A641E118664CE005A38ED /* bullet2.png in Resources */,
				A46A641F118664CE005A38ED /* earthrise.png in Resources */,
				A46A6420118664CE005A38ED /* enemy.png in Resources */,
				A46A6421118664CE005A38ED /* mybullet.png in Resources */,
				A46A6422118664CE005A38ED /* spaceship.png in Resources */,
			);
			runOnlyForDeploymentPostprocessing = 0;
		};
/* End PBXResourcesBuildPhase section */

/* Begin PBXSourcesBuildPhase section */
		1D60588E0D05DD3D006BFB54 /* Sources */ = {
			isa = PBXSourcesBuildPhase;
			buildActionMask = 2147483647;
			files = (
				1D60589B0D05DD56006BFB54 /* main.m in Sources */,
				1D3623260D0F684500981E51 /* ShoootAppDelegate.m in Sources */,
				28D7ACF80DDB3853001CB0EB /* ShoootViewController.m in Sources */,
				A46A642B118667A3005A38ED /* Bullet.m in Sources */,
				A46A642E11866968005A38ED /* CollisionDetect.m in Sources */,
				A46A643311866BAA005A38ED /* Enemy.m in Sources */,
				A46A643611866DB3005A38ED /* LinearBullet.m in Sources */,
				A46A643911866EE6005A38ED /* MovableObject.m in Sources */,
				A46A643C11866F3F005A38ED /* NwayBullet.m in Sources */,
				A46A6441118670BC005A38ED /* ShoootActivity.m in Sources */,
				A46A64441186712B005A38ED /* ShoootSurfaceHolderCallback.m in Sources */,
				A46A64471186717E005A38ED /* ShoootSurfaceView.m in Sources */,
				A46A644A118671D4005A38ED /* SnipeBullet.m in Sources */,
				A46A644F118673AA005A38ED /* Spaceship.m in Sources */,
			);
			runOnlyForDeploymentPostprocessing = 0;
		};
/* End PBXSourcesBuildPhase section */

/* Begin XCBuildConfiguration section */
		1D6058940D05DD3E006BFB54 /* Debug */ = {
			isa = XCBuildConfiguration;
			buildSettings = {
				ALWAYS_SEARCH_USER_PATHS = NO;
				COPY_PHASE_STRIP = NO;
				GCC_DYNAMIC_NO_PIC = NO;
				GCC_OPTIMIZATION_LEVEL = 0;
				GCC_PRECOMPILE_PREFIX_HEADER = YES;
				GCC_PREFIX_HEADER = Shooot_Prefix.pch;
				INFOPLIST_FILE = "Shooot-Info.plist";
				PRODUCT_NAME = Shooot;
			};
			name = Debug;
		};
		1D6058950D05DD3E006BFB54 /* Release */ = {
			isa = XCBuildConfiguration;
			buildSettings = {
				ALWAYS_SEARCH_USER_PATHS = NO;
				COPY_PHASE_STRIP = YES;
				GCC_PRECOMPILE_PREFIX_HEADER = YES;
				GCC_PREFIX_HEADER = Shooot_Prefix.pch;
				INFOPLIST_FILE = "Shooot-Info.plist";
				PRODUCT_NAME = Shooot;
				VALIDATE_PRODUCT = YES;
			};
			name = Release;
		};
		C01FCF4F08A954540054247B /* Debug */ = {
			isa = XCBuildConfiguration;
			buildSettings = {
				ARCHS = "$(ARCHS_STANDARD_32_BIT)";
				"CODE_SIGN_IDENTITY[sdk=iphoneos*]" = "iPhone Developer";
				GCC_C_LANGUAGE_STANDARD = c99;
				GCC_WARN_ABOUT_RETURN_TYPE = YES;
				GCC_WARN_UNUSED_VARIABLE = YES;
				PREBINDING = NO;
				SDKROOT = iphoneos3.1.3;
			};
			name = Debug;
		};
		C01FCF5008A954540054247B /* Release */ = {
			isa = XCBuildConfiguration;
			buildSettings = {
				ARCHS = "$(ARCHS_STANDARD_32_BIT)";
				"CODE_SIGN_IDENTITY[sdk=iphoneos*]" = "iPhone Developer";
				GCC_C_LANGUAGE_STANDARD = c99;
				GCC_WARN_ABOUT_RETURN_TYPE = YES;
				GCC_WARN_UNUSED_VARIABLE = YES;
				OTHER_CFLAGS = "-DNS_BLOCK_ASSERTIONS=1";
				PREBINDING = NO;
				SDKROOT = iphoneos3.1.3;
			};
			name = Release;
		};
/* End XCBuildConfiguration section */

/* Begin XCConfigurationList section */
		1D6058960D05DD3E006BFB54 /* Build configuration list for PBXNativeTarget "Shooot" */ = {
			isa = XCConfigurationList;
			buildConfigurations = (
				1D6058940D05DD3E006BFB54 /* Debug */,
				1D6058950D05DD3E006BFB54 /* Release */,
			);
			defaultConfigurationIsVisible = 0;
			defaultConfigurationName = Release;
		};
		C01FCF4E08A954540054247B /* Build configuration list for PBXProject "Shooot" */ = {
			isa = XCConfigurationList;
			buildConfigurations = (
				C01FCF4F08A954540054247B /* Debug */,
				C01FCF5008A954540054247B /* Release */,
			);
			defaultConfigurationIsVisible = 0;
			defaultConfigurationName = Release;
		};
/* End XCConfigurationList section */
	};
	rootObject = 29B97313FDCFA39411CA2CEA /* Project object */;
}
